// !$*UTF8*$!
{
	archiveVersion = 1;
	classes = {
	};
	objectVersion = 50;
	objects = {

/* Begin PBXBuildFile section */
		432182114F250AAF20481BCA /* Pods_Teste_iOS_BTG.framework in Frameworks */ = {isa = PBXBuildFile; fileRef = 0635458FEA71395B02501A08 /* Pods_Teste_iOS_BTG.framework */; };
		55442C452204CD4A000A9ED9 /* FilterInvestments.storyboard in Resources */ = {isa = PBXBuildFile; fileRef = 55442C442204CD4A000A9ED9 /* FilterInvestments.storyboard */; };
		55442C472204D0AD000A9ED9 /* FilterInvestmentsViewController.swift in Sources */ = {isa = PBXBuildFile; fileRef = 55442C462204D0AD000A9ED9 /* FilterInvestmentsViewController.swift */; };
		554884EB2205F32400F34C05 /* UnderlineTextField.swift in Sources */ = {isa = PBXBuildFile; fileRef = 554884EA2205F32400F34C05 /* UnderlineTextField.swift */; };
		554884EE2205F53D00F34C05 /* OptionCell.swift in Sources */ = {isa = PBXBuildFile; fileRef = 554884ED2205F53D00F34C05 /* OptionCell.swift */; };
		554884F02205F56100F34C05 /* OptionCellModels.swift in Sources */ = {isa = PBXBuildFile; fileRef = 554884EF2205F56100F34C05 /* OptionCellModels.swift */; };
		554884F22205F9A400F34C05 /* FilterInvestmentsModels.swift in Sources */ = {isa = PBXBuildFile; fileRef = 554884F12205F9A400F34C05 /* FilterInvestmentsModels.swift */; };
		554884F82205FD0600F34C05 /* FilterInvestmentsRouter.swift in Sources */ = {isa = PBXBuildFile; fileRef = 554884F72205FD0600F34C05 /* FilterInvestmentsRouter.swift */; };
		554884FA2206019B00F34C05 /* FilterInvestmentsInteractor.swift in Sources */ = {isa = PBXBuildFile; fileRef = 554884F92206019B00F34C05 /* FilterInvestmentsInteractor.swift */; };
		554884FC2206020B00F34C05 /* FilterInvestmentsPresenter.swift in Sources */ = {isa = PBXBuildFile; fileRef = 554884FB2206020B00F34C05 /* FilterInvestmentsPresenter.swift */; };
		554884FE22062BC200F34C05 /* FilterModel.swift in Sources */ = {isa = PBXBuildFile; fileRef = 554884FD22062BC200F34C05 /* FilterModel.swift */; };
		555EDB902201F52900977D96 /* Constants.swift in Sources */ = {isa = PBXBuildFile; fileRef = 555EDB8F2201F52900977D96 /* Constants.swift */; };
		556C30EF220142DF00CCCFC5 /* FundsInvestments.storyboard in Resources */ = {isa = PBXBuildFile; fileRef = 556C30EE220142DF00CCCFC5 /* FundsInvestments.storyboard */; };
		556C30F12201432C00CCCFC5 /* FundsInvestmentsViewController.swift in Sources */ = {isa = PBXBuildFile; fileRef = 556C30F02201432C00CCCFC5 /* FundsInvestmentsViewController.swift */; };
		556C30F32201446000CCCFC5 /* FundsInvestmentsInteractor.swift in Sources */ = {isa = PBXBuildFile; fileRef = 556C30F22201446000CCCFC5 /* FundsInvestmentsInteractor.swift */; };
		556C30F5220144B200CCCFC5 /* FundsInvestmentWorker.swift in Sources */ = {isa = PBXBuildFile; fileRef = 556C30F4220144B200CCCFC5 /* FundsInvestmentWorker.swift */; };
		556C30F72201452600CCCFC5 /* FundsInvestmentsModels.swift in Sources */ = {isa = PBXBuildFile; fileRef = 556C30F62201452600CCCFC5 /* FundsInvestmentsModels.swift */; };
		556C30F92201455A00CCCFC5 /* FundsInvestmentsPresenter.swift in Sources */ = {isa = PBXBuildFile; fileRef = 556C30F82201455900CCCFC5 /* FundsInvestmentsPresenter.swift */; };
		556C30FB2201459C00CCCFC5 /* FundsInvestmentRouter.swift in Sources */ = {isa = PBXBuildFile; fileRef = 556C30FA2201459C00CCCFC5 /* FundsInvestmentRouter.swift */; };
		556C30FE2201C8CE00CCCFC5 /* FundModel.swift in Sources */ = {isa = PBXBuildFile; fileRef = 556C30FD2201C8CE00CCCFC5 /* FundModel.swift */; };
		5574E15B22053EB000E9A47D /* RiskCollectionViewCell.swift in Sources */ = {isa = PBXBuildFile; fileRef = 5574E15A22053EB000E9A47D /* RiskCollectionViewCell.swift */; };
		5574E15D22053ECB00E9A47D /* RiskCollectionViewCellModels.swift in Sources */ = {isa = PBXBuildFile; fileRef = 5574E15C22053ECB00E9A47D /* RiskCollectionViewCellModels.swift */; };
		5574E15F220540D200E9A47D /* RiskCollectionViewCell.xib in Resources */ = {isa = PBXBuildFile; fileRef = 5574E15E220540D200E9A47D /* RiskCollectionViewCell.xib */; };
		5574E166220543FB00E9A47D /* CheckBox.swift in Sources */ = {isa = PBXBuildFile; fileRef = 5574E165220543FA00E9A47D /* CheckBox.swift */; };
		559CB25F2203817700841C61 /* RiskModel.swift in Sources */ = {isa = PBXBuildFile; fileRef = 559CB25E2203817700841C61 /* RiskModel.swift */; };
		559CB2662203CB3700841C61 /* Extension+UIView.swift in Sources */ = {isa = PBXBuildFile; fileRef = 559CB2652203CB3600841C61 /* Extension+UIView.swift */; };
		559CB26C2203D5F100841C61 /* ExpandableHeaderViewModels.swift in Sources */ = {isa = PBXBuildFile; fileRef = 559CB26B2203D5F100841C61 /* ExpandableHeaderViewModels.swift */; };
		55CB8C4722079716002C5490 /* Extension+CAGradientLayer.swift in Sources */ = {isa = PBXBuildFile; fileRef = 55CB8C4622079716002C5490 /* Extension+CAGradientLayer.swift */; };
		55CB8C4922079BEF002C5490 /* Extension+UINavigationBar.swift in Sources */ = {isa = PBXBuildFile; fileRef = 55CB8C4822079BEF002C5490 /* Extension+UINavigationBar.swift */; };
		55DE56E422046A0300076941 /* RiskHeaderModels.swift in Sources */ = {isa = PBXBuildFile; fileRef = 55DE56E322046A0300076941 /* RiskHeaderModels.swift */; };
		55DE56E922049AB300076941 /* SearchBarHeader.xib in Resources */ = {isa = PBXBuildFile; fileRef = 55DE56E822049AB300076941 /* SearchBarHeader.xib */; };
		55DE56EB22049AE100076941 /* SearchBarHeaderView.swift in Sources */ = {isa = PBXBuildFile; fileRef = 55DE56EA22049AE100076941 /* SearchBarHeaderView.swift */; };
		55DE56ED22049BE300076941 /* SearchBarHeaderModels.swift in Sources */ = {isa = PBXBuildFile; fileRef = 55DE56EC22049BE300076941 /* SearchBarHeaderModels.swift */; };
		55F4252422021E96008B3915 /* FundsServiceAPI.swift in Sources */ = {isa = PBXBuildFile; fileRef = 55F4252322021E96008B3915 /* FundsServiceAPI.swift */; };
		55F42527220227BA008B3915 /* FormatterUtils.swift in Sources */ = {isa = PBXBuildFile; fileRef = 55F42526220227BA008B3915 /* FormatterUtils.swift */; };
		55F4253422027C5D008B3915 /* RiskHeader.xib in Resources */ = {isa = PBXBuildFile; fileRef = 55F4253322027C5D008B3915 /* RiskHeader.xib */; };
		55F4253722031046008B3915 /* ExpandableHeader.xib in Resources */ = {isa = PBXBuildFile; fileRef = 55F4253622031046008B3915 /* ExpandableHeader.xib */; };
		55F42539220317FE008B3915 /* ExpandableHeaderViewController.swift in Sources */ = {isa = PBXBuildFile; fileRef = 55F42538220317FE008B3915 /* ExpandableHeaderViewController.swift */; };
		A279EF9B21B1667600E39E1F /* AppDelegate.swift in Sources */ = {isa = PBXBuildFile; fileRef = A279EF9A21B1667600E39E1F /* AppDelegate.swift */; };
		A279EFA221B1667800E39E1F /* Assets.xcassets in Resources */ = {isa = PBXBuildFile; fileRef = A279EFA121B1667800E39E1F /* Assets.xcassets */; };
		A279EFA521B1667800E39E1F /* LaunchScreen.storyboard in Resources */ = {isa = PBXBuildFile; fileRef = A279EFA321B1667800E39E1F /* LaunchScreen.storyboard */; };
		A279EFB021B1667800E39E1F /* Teste_iOS_BTGFormatterTests.swift in Sources */ = {isa = PBXBuildFile; fileRef = A279EFAF21B1667800E39E1F /* Teste_iOS_BTGFormatterTests.swift */; };
		A279EFBB21B1667800E39E1F /* Teste_iOS_BTGUITests.swift in Sources */ = {isa = PBXBuildFile; fileRef = A279EFBA21B1667800E39E1F /* Teste_iOS_BTGUITests.swift */; };
		A279EFD621B1672300E39E1F /* SourceSansPro-Light.otf in Resources */ = {isa = PBXBuildFile; fileRef = A279EFC921B1672300E39E1F /* SourceSansPro-Light.otf */; };
		A279EFD721B1672300E39E1F /* SourceSansPro-LightIt.otf in Resources */ = {isa = PBXBuildFile; fileRef = A279EFCA21B1672300E39E1F /* SourceSansPro-LightIt.otf */; };
		A279EFD821B1672300E39E1F /* SourceSansPro-SemiboldIt.otf in Resources */ = {isa = PBXBuildFile; fileRef = A279EFCB21B1672300E39E1F /* SourceSansPro-SemiboldIt.otf */; };
		A279EFD921B1672300E39E1F /* SourceSansPro-It.otf in Resources */ = {isa = PBXBuildFile; fileRef = A279EFCC21B1672300E39E1F /* SourceSansPro-It.otf */; };
		A279EFDA21B1672300E39E1F /* SourceSansPro-Bold.otf in Resources */ = {isa = PBXBuildFile; fileRef = A279EFCD21B1672300E39E1F /* SourceSansPro-Bold.otf */; };
		A279EFDB21B1672300E39E1F /* SourceSansPro-Regular.otf in Resources */ = {isa = PBXBuildFile; fileRef = A279EFCE21B1672300E39E1F /* SourceSansPro-Regular.otf */; };
		A279EFDC21B1672300E39E1F /* SourceSansPro-BoldIt.otf in Resources */ = {isa = PBXBuildFile; fileRef = A279EFCF21B1672300E39E1F /* SourceSansPro-BoldIt.otf */; };
		A279EFDD21B1672300E39E1F /* SourceSansPro-BlackIt.otf in Resources */ = {isa = PBXBuildFile; fileRef = A279EFD021B1672300E39E1F /* SourceSansPro-BlackIt.otf */; };
		A279EFDE21B1672300E39E1F /* SourceSansPro-ExtraLightIt.otf in Resources */ = {isa = PBXBuildFile; fileRef = A279EFD121B1672300E39E1F /* SourceSansPro-ExtraLightIt.otf */; };
		A279EFDF21B1672300E39E1F /* FontAwesome.ttf in Resources */ = {isa = PBXBuildFile; fileRef = A279EFD221B1672300E39E1F /* FontAwesome.ttf */; };
		A279EFE021B1672300E39E1F /* SourceSansPro-ExtraLight.otf in Resources */ = {isa = PBXBuildFile; fileRef = A279EFD321B1672300E39E1F /* SourceSansPro-ExtraLight.otf */; };
		A279EFE121B1672300E39E1F /* SourceSansPro-Semibold.otf in Resources */ = {isa = PBXBuildFile; fileRef = A279EFD421B1672300E39E1F /* SourceSansPro-Semibold.otf */; };
		A279EFE221B1672300E39E1F /* SourceSansPro-Black.otf in Resources */ = {isa = PBXBuildFile; fileRef = A279EFD521B1672300E39E1F /* SourceSansPro-Black.otf */; };
		A279EFE421B1683F00E39E1F /* Colors.swift in Sources */ = {isa = PBXBuildFile; fileRef = A279EFE321B1683F00E39E1F /* Colors.swift */; };
		A80CDF3BBFECAF20423A893F /* Pods_Teste_iOS_BTGUITests.framework in Frameworks */ = {isa = PBXBuildFile; fileRef = E8942F8BBDA7EA3CBABD67B9 /* Pods_Teste_iOS_BTGUITests.framework */; };
		BA6C30B6786B9C48B7B66CF2 /* Pods_Teste_iOS_BTGTests.framework in Frameworks */ = {isa = PBXBuildFile; fileRef = 15CD51F95B012BDE2D1E53CF /* Pods_Teste_iOS_BTGTests.framework */; };
/* End PBXBuildFile section */

/* Begin PBXContainerItemProxy section */
		A279EFAC21B1667800E39E1F /* PBXContainerItemProxy */ = {
			isa = PBXContainerItemProxy;
			containerPortal = A279EF8F21B1667600E39E1F /* Project object */;
			proxyType = 1;
			remoteGlobalIDString = A279EF9621B1667600E39E1F;
			remoteInfo = "Teste-iOS-BTG";
		};
		A279EFB721B1667800E39E1F /* PBXContainerItemProxy */ = {
			isa = PBXContainerItemProxy;
			containerPortal = A279EF8F21B1667600E39E1F /* Project object */;
			proxyType = 1;
			remoteGlobalIDString = A279EF9621B1667600E39E1F;
			remoteInfo = "Teste-iOS-BTG";
		};
/* End PBXContainerItemProxy section */

/* Begin PBXFileReference section */
		0635458FEA71395B02501A08 /* Pods_Teste_iOS_BTG.framework */ = {isa = PBXFileReference; explicitFileType = wrapper.framework; includeInIndex = 0; path = Pods_Teste_iOS_BTG.framework; sourceTree = BUILT_PRODUCTS_DIR; };
		13F6C0774914B83BC7AAE5DB /* Pods-Teste-iOS-BTGUITests.release.xcconfig */ = {isa = PBXFileReference; includeInIndex = 1; lastKnownFileType = text.xcconfig; name = "Pods-Teste-iOS-BTGUITests.release.xcconfig"; path = "Pods/Target Support Files/Pods-Teste-iOS-BTGUITests/Pods-Teste-iOS-BTGUITests.release.xcconfig"; sourceTree = "<group>"; };
		148D7C4D587BD8E95A1BA2D2 /* Pods-Teste-iOS-BTG.debug.xcconfig */ = {isa = PBXFileReference; includeInIndex = 1; lastKnownFileType = text.xcconfig; name = "Pods-Teste-iOS-BTG.debug.xcconfig"; path = "Pods/Target Support Files/Pods-Teste-iOS-BTG/Pods-Teste-iOS-BTG.debug.xcconfig"; sourceTree = "<group>"; };
		15CD51F95B012BDE2D1E53CF /* Pods_Teste_iOS_BTGTests.framework */ = {isa = PBXFileReference; explicitFileType = wrapper.framework; includeInIndex = 0; path = Pods_Teste_iOS_BTGTests.framework; sourceTree = BUILT_PRODUCTS_DIR; };
		21045B7C696277A76C5F05C2 /* Pods-Teste-iOS-BTGTests.debug.xcconfig */ = {isa = PBXFileReference; includeInIndex = 1; lastKnownFileType = text.xcconfig; name = "Pods-Teste-iOS-BTGTests.debug.xcconfig"; path = "Pods/Target Support Files/Pods-Teste-iOS-BTGTests/Pods-Teste-iOS-BTGTests.debug.xcconfig"; sourceTree = "<group>"; };
		28573924DC0E8160189E3162 /* Pods-Teste-iOS-BTGUITests.debug.xcconfig */ = {isa = PBXFileReference; includeInIndex = 1; lastKnownFileType = text.xcconfig; name = "Pods-Teste-iOS-BTGUITests.debug.xcconfig"; path = "Pods/Target Support Files/Pods-Teste-iOS-BTGUITests/Pods-Teste-iOS-BTGUITests.debug.xcconfig"; sourceTree = "<group>"; };
		55442C442204CD4A000A9ED9 /* FilterInvestments.storyboard */ = {isa = PBXFileReference; lastKnownFileType = file.storyboard; path = FilterInvestments.storyboard; sourceTree = "<group>"; };
		55442C462204D0AD000A9ED9 /* FilterInvestmentsViewController.swift */ = {isa = PBXFileReference; lastKnownFileType = sourcecode.swift; path = FilterInvestmentsViewController.swift; sourceTree = "<group>"; };
		554884EA2205F32400F34C05 /* UnderlineTextField.swift */ = {isa = PBXFileReference; lastKnownFileType = sourcecode.swift; path = UnderlineTextField.swift; sourceTree = "<group>"; };
		554884ED2205F53D00F34C05 /* OptionCell.swift */ = {isa = PBXFileReference; lastKnownFileType = sourcecode.swift; path = OptionCell.swift; sourceTree = "<group>"; };
		554884EF2205F56100F34C05 /* OptionCellModels.swift */ = {isa = PBXFileReference; lastKnownFileType = sourcecode.swift; path = OptionCellModels.swift; sourceTree = "<group>"; };
		554884F12205F9A400F34C05 /* FilterInvestmentsModels.swift */ = {isa = PBXFileReference; lastKnownFileType = sourcecode.swift; path = FilterInvestmentsModels.swift; sourceTree = "<group>"; };
		554884F72205FD0600F34C05 /* FilterInvestmentsRouter.swift */ = {isa = PBXFileReference; lastKnownFileType = sourcecode.swift; path = FilterInvestmentsRouter.swift; sourceTree = "<group>"; };
		554884F92206019B00F34C05 /* FilterInvestmentsInteractor.swift */ = {isa = PBXFileReference; lastKnownFileType = sourcecode.swift; path = FilterInvestmentsInteractor.swift; sourceTree = "<group>"; };
		554884FB2206020B00F34C05 /* FilterInvestmentsPresenter.swift */ = {isa = PBXFileReference; lastKnownFileType = sourcecode.swift; path = FilterInvestmentsPresenter.swift; sourceTree = "<group>"; };
		554884FD22062BC200F34C05 /* FilterModel.swift */ = {isa = PBXFileReference; lastKnownFileType = sourcecode.swift; path = FilterModel.swift; sourceTree = "<group>"; };
		555EDB8F2201F52900977D96 /* Constants.swift */ = {isa = PBXFileReference; lastKnownFileType = sourcecode.swift; path = Constants.swift; sourceTree = "<group>"; };
		556C30EE220142DF00CCCFC5 /* FundsInvestments.storyboard */ = {isa = PBXFileReference; lastKnownFileType = file.storyboard; path = FundsInvestments.storyboard; sourceTree = "<group>"; };
		556C30F02201432C00CCCFC5 /* FundsInvestmentsViewController.swift */ = {isa = PBXFileReference; lastKnownFileType = sourcecode.swift; path = FundsInvestmentsViewController.swift; sourceTree = "<group>"; };
		556C30F22201446000CCCFC5 /* FundsInvestmentsInteractor.swift */ = {isa = PBXFileReference; lastKnownFileType = sourcecode.swift; path = FundsInvestmentsInteractor.swift; sourceTree = "<group>"; };
		556C30F4220144B200CCCFC5 /* FundsInvestmentWorker.swift */ = {isa = PBXFileReference; lastKnownFileType = sourcecode.swift; path = FundsInvestmentWorker.swift; sourceTree = "<group>"; };
		556C30F62201452600CCCFC5 /* FundsInvestmentsModels.swift */ = {isa = PBXFileReference; lastKnownFileType = sourcecode.swift; path = FundsInvestmentsModels.swift; sourceTree = "<group>"; };
		556C30F82201455900CCCFC5 /* FundsInvestmentsPresenter.swift */ = {isa = PBXFileReference; lastKnownFileType = sourcecode.swift; path = FundsInvestmentsPresenter.swift; sourceTree = "<group>"; };
		556C30FA2201459C00CCCFC5 /* FundsInvestmentRouter.swift */ = {isa = PBXFileReference; lastKnownFileType = sourcecode.swift; path = FundsInvestmentRouter.swift; sourceTree = "<group>"; };
		556C30FD2201C8CE00CCCFC5 /* FundModel.swift */ = {isa = PBXFileReference; lastKnownFileType = sourcecode.swift; path = FundModel.swift; sourceTree = "<group>"; };
		5574E15A22053EB000E9A47D /* RiskCollectionViewCell.swift */ = {isa = PBXFileReference; lastKnownFileType = sourcecode.swift; path = RiskCollectionViewCell.swift; sourceTree = "<group>"; };
		5574E15C22053ECB00E9A47D /* RiskCollectionViewCellModels.swift */ = {isa = PBXFileReference; lastKnownFileType = sourcecode.swift; path = RiskCollectionViewCellModels.swift; sourceTree = "<group>"; };
		5574E15E220540D200E9A47D /* RiskCollectionViewCell.xib */ = {isa = PBXFileReference; fileEncoding = 4; lastKnownFileType = file.xib; path = RiskCollectionViewCell.xib; sourceTree = "<group>"; };
		5574E165220543FA00E9A47D /* CheckBox.swift */ = {isa = PBXFileReference; lastKnownFileType = sourcecode.swift; path = CheckBox.swift; sourceTree = "<group>"; };
		559CB25E2203817700841C61 /* RiskModel.swift */ = {isa = PBXFileReference; lastKnownFileType = sourcecode.swift; path = RiskModel.swift; sourceTree = "<group>"; };
		559CB2652203CB3600841C61 /* Extension+UIView.swift */ = {isa = PBXFileReference; lastKnownFileType = sourcecode.swift; path = "Extension+UIView.swift"; sourceTree = "<group>"; };
		559CB26B2203D5F100841C61 /* ExpandableHeaderViewModels.swift */ = {isa = PBXFileReference; lastKnownFileType = sourcecode.swift; path = ExpandableHeaderViewModels.swift; sourceTree = "<group>"; };
		55CB8C4622079716002C5490 /* Extension+CAGradientLayer.swift */ = {isa = PBXFileReference; lastKnownFileType = sourcecode.swift; path = "Extension+CAGradientLayer.swift"; sourceTree = "<group>"; };
		55CB8C4822079BEF002C5490 /* Extension+UINavigationBar.swift */ = {isa = PBXFileReference; lastKnownFileType = sourcecode.swift; path = "Extension+UINavigationBar.swift"; sourceTree = "<group>"; };
		55DE56E322046A0300076941 /* RiskHeaderModels.swift */ = {isa = PBXFileReference; lastKnownFileType = sourcecode.swift; path = RiskHeaderModels.swift; sourceTree = "<group>"; };
		55DE56E822049AB300076941 /* SearchBarHeader.xib */ = {isa = PBXFileReference; lastKnownFileType = file.xib; path = SearchBarHeader.xib; sourceTree = "<group>"; };
		55DE56EA22049AE100076941 /* SearchBarHeaderView.swift */ = {isa = PBXFileReference; lastKnownFileType = sourcecode.swift; path = SearchBarHeaderView.swift; sourceTree = "<group>"; };
		55DE56EC22049BE300076941 /* SearchBarHeaderModels.swift */ = {isa = PBXFileReference; lastKnownFileType = sourcecode.swift; path = SearchBarHeaderModels.swift; sourceTree = "<group>"; };
		55F4252322021E96008B3915 /* FundsServiceAPI.swift */ = {isa = PBXFileReference; lastKnownFileType = sourcecode.swift; path = FundsServiceAPI.swift; sourceTree = "<group>"; };
		55F42526220227BA008B3915 /* FormatterUtils.swift */ = {isa = PBXFileReference; lastKnownFileType = sourcecode.swift; path = FormatterUtils.swift; sourceTree = "<group>"; };
		55F4253322027C5D008B3915 /* RiskHeader.xib */ = {isa = PBXFileReference; lastKnownFileType = file.xib; path = RiskHeader.xib; sourceTree = "<group>"; };
		55F4253622031046008B3915 /* ExpandableHeader.xib */ = {isa = PBXFileReference; lastKnownFileType = file.xib; path = ExpandableHeader.xib; sourceTree = "<group>"; };
		55F42538220317FE008B3915 /* ExpandableHeaderViewController.swift */ = {isa = PBXFileReference; lastKnownFileType = sourcecode.swift; path = ExpandableHeaderViewController.swift; sourceTree = "<group>"; };
		A279EF9721B1667600E39E1F /* Teste-iOS-BTG.app */ = {isa = PBXFileReference; explicitFileType = wrapper.application; includeInIndex = 0; path = "Teste-iOS-BTG.app"; sourceTree = BUILT_PRODUCTS_DIR; };
		A279EF9A21B1667600E39E1F /* AppDelegate.swift */ = {isa = PBXFileReference; lastKnownFileType = sourcecode.swift; path = AppDelegate.swift; sourceTree = "<group>"; };
		A279EFA121B1667800E39E1F /* Assets.xcassets */ = {isa = PBXFileReference; lastKnownFileType = folder.assetcatalog; path = Assets.xcassets; sourceTree = "<group>"; };
		A279EFA421B1667800E39E1F /* Base */ = {isa = PBXFileReference; lastKnownFileType = file.storyboard; name = Base; path = Base.lproj/LaunchScreen.storyboard; sourceTree = "<group>"; };
		A279EFA621B1667800E39E1F /* Info.plist */ = {isa = PBXFileReference; lastKnownFileType = text.plist.xml; path = Info.plist; sourceTree = "<group>"; };
		A279EFAB21B1667800E39E1F /* Teste-iOS-BTGTests.xctest */ = {isa = PBXFileReference; explicitFileType = wrapper.cfbundle; includeInIndex = 0; path = "Teste-iOS-BTGTests.xctest"; sourceTree = BUILT_PRODUCTS_DIR; };
		A279EFAF21B1667800E39E1F /* Teste_iOS_BTGFormatterTests.swift */ = {isa = PBXFileReference; lastKnownFileType = sourcecode.swift; path = Teste_iOS_BTGFormatterTests.swift; sourceTree = "<group>"; };
		A279EFB121B1667800E39E1F /* Info.plist */ = {isa = PBXFileReference; lastKnownFileType = text.plist.xml; path = Info.plist; sourceTree = "<group>"; };
		A279EFB621B1667800E39E1F /* Teste-iOS-BTGUITests.xctest */ = {isa = PBXFileReference; explicitFileType = wrapper.cfbundle; includeInIndex = 0; path = "Teste-iOS-BTGUITests.xctest"; sourceTree = BUILT_PRODUCTS_DIR; };
		A279EFBA21B1667800E39E1F /* Teste_iOS_BTGUITests.swift */ = {isa = PBXFileReference; lastKnownFileType = sourcecode.swift; path = Teste_iOS_BTGUITests.swift; sourceTree = "<group>"; };
		A279EFBC21B1667800E39E1F /* Info.plist */ = {isa = PBXFileReference; lastKnownFileType = text.plist.xml; path = Info.plist; sourceTree = "<group>"; };
		A279EFC921B1672300E39E1F /* SourceSansPro-Light.otf */ = {isa = PBXFileReference; lastKnownFileType = file; path = "SourceSansPro-Light.otf"; sourceTree = "<group>"; };
		A279EFCA21B1672300E39E1F /* SourceSansPro-LightIt.otf */ = {isa = PBXFileReference; lastKnownFileType = file; path = "SourceSansPro-LightIt.otf"; sourceTree = "<group>"; };
		A279EFCB21B1672300E39E1F /* SourceSansPro-SemiboldIt.otf */ = {isa = PBXFileReference; lastKnownFileType = file; path = "SourceSansPro-SemiboldIt.otf"; sourceTree = "<group>"; };
		A279EFCC21B1672300E39E1F /* SourceSansPro-It.otf */ = {isa = PBXFileReference; lastKnownFileType = file; path = "SourceSansPro-It.otf"; sourceTree = "<group>"; };
		A279EFCD21B1672300E39E1F /* SourceSansPro-Bold.otf */ = {isa = PBXFileReference; lastKnownFileType = file; path = "SourceSansPro-Bold.otf"; sourceTree = "<group>"; };
		A279EFCE21B1672300E39E1F /* SourceSansPro-Regular.otf */ = {isa = PBXFileReference; lastKnownFileType = file; path = "SourceSansPro-Regular.otf"; sourceTree = "<group>"; };
		A279EFCF21B1672300E39E1F /* SourceSansPro-BoldIt.otf */ = {isa = PBXFileReference; lastKnownFileType = file; path = "SourceSansPro-BoldIt.otf"; sourceTree = "<group>"; };
		A279EFD021B1672300E39E1F /* SourceSansPro-BlackIt.otf */ = {isa = PBXFileReference; lastKnownFileType = file; path = "SourceSansPro-BlackIt.otf"; sourceTree = "<group>"; };
		A279EFD121B1672300E39E1F /* SourceSansPro-ExtraLightIt.otf */ = {isa = PBXFileReference; lastKnownFileType = file; path = "SourceSansPro-ExtraLightIt.otf"; sourceTree = "<group>"; };
		A279EFD221B1672300E39E1F /* FontAwesome.ttf */ = {isa = PBXFileReference; lastKnownFileType = file; path = FontAwesome.ttf; sourceTree = "<group>"; };
		A279EFD321B1672300E39E1F /* SourceSansPro-ExtraLight.otf */ = {isa = PBXFileReference; lastKnownFileType = file; path = "SourceSansPro-ExtraLight.otf"; sourceTree = "<group>"; };
		A279EFD421B1672300E39E1F /* SourceSansPro-Semibold.otf */ = {isa = PBXFileReference; lastKnownFileType = file; path = "SourceSansPro-Semibold.otf"; sourceTree = "<group>"; };
		A279EFD521B1672300E39E1F /* SourceSansPro-Black.otf */ = {isa = PBXFileReference; lastKnownFileType = file; path = "SourceSansPro-Black.otf"; sourceTree = "<group>"; };
		A279EFE321B1683F00E39E1F /* Colors.swift */ = {isa = PBXFileReference; lastKnownFileType = sourcecode.swift; path = Colors.swift; sourceTree = "<group>"; };
		E8942F8BBDA7EA3CBABD67B9 /* Pods_Teste_iOS_BTGUITests.framework */ = {isa = PBXFileReference; explicitFileType = wrapper.framework; includeInIndex = 0; path = Pods_Teste_iOS_BTGUITests.framework; sourceTree = BUILT_PRODUCTS_DIR; };
		EDE6222A1519A7F77A3DA374 /* Pods-Teste-iOS-BTG.release.xcconfig */ = {isa = PBXFileReference; includeInIndex = 1; lastKnownFileType = text.xcconfig; name = "Pods-Teste-iOS-BTG.release.xcconfig"; path = "Pods/Target Support Files/Pods-Teste-iOS-BTG/Pods-Teste-iOS-BTG.release.xcconfig"; sourceTree = "<group>"; };
		F15DB27E0C6BEA44325B7560 /* Pods-Teste-iOS-BTGTests.release.xcconfig */ = {isa = PBXFileReference; includeInIndex = 1; lastKnownFileType = text.xcconfig; name = "Pods-Teste-iOS-BTGTests.release.xcconfig"; path = "Pods/Target Support Files/Pods-Teste-iOS-BTGTests/Pods-Teste-iOS-BTGTests.release.xcconfig"; sourceTree = "<group>"; };
/* End PBXFileReference section */

/* Begin PBXFrameworksBuildPhase section */
		A279EF9421B1667600E39E1F /* Frameworks */ = {
			isa = PBXFrameworksBuildPhase;
			buildActionMask = 2147483647;
			files = (
				432182114F250AAF20481BCA /* Pods_Teste_iOS_BTG.framework in Frameworks */,
			);
			runOnlyForDeploymentPostprocessing = 0;
		};
		A279EFA821B1667800E39E1F /* Frameworks */ = {
			isa = PBXFrameworksBuildPhase;
			buildActionMask = 2147483647;
			files = (
				BA6C30B6786B9C48B7B66CF2 /* Pods_Teste_iOS_BTGTests.framework in Frameworks */,
			);
			runOnlyForDeploymentPostprocessing = 0;
		};
		A279EFB321B1667800E39E1F /* Frameworks */ = {
			isa = PBXFrameworksBuildPhase;
			buildActionMask = 2147483647;
			files = (
				A80CDF3BBFECAF20423A893F /* Pods_Teste_iOS_BTGUITests.framework in Frameworks */,
			);
			runOnlyForDeploymentPostprocessing = 0;
		};
/* End PBXFrameworksBuildPhase section */

/* Begin PBXGroup section */
		55442C412204CCE1000A9ED9 /* FilterInvestments */ = {
			isa = PBXGroup;
			children = (
				554884EC2205F53100F34C05 /* OptionCell */,
				55442C442204CD4A000A9ED9 /* FilterInvestments.storyboard */,
				55442C462204D0AD000A9ED9 /* FilterInvestmentsViewController.swift */,
				554884F12205F9A400F34C05 /* FilterInvestmentsModels.swift */,
				554884F92206019B00F34C05 /* FilterInvestmentsInteractor.swift */,
				554884FB2206020B00F34C05 /* FilterInvestmentsPresenter.swift */,
				554884F72205FD0600F34C05 /* FilterInvestmentsRouter.swift */,
			);
			path = FilterInvestments;
			sourceTree = "<group>";
		};
		554884E92205F2D400F34C05 /* UnderlineTextField */ = {
			isa = PBXGroup;
			children = (
				554884EA2205F32400F34C05 /* UnderlineTextField.swift */,
			);
			path = UnderlineTextField;
			sourceTree = "<group>";
		};
		554884EC2205F53100F34C05 /* OptionCell */ = {
			isa = PBXGroup;
			children = (
				554884ED2205F53D00F34C05 /* OptionCell.swift */,
				554884EF2205F56100F34C05 /* OptionCellModels.swift */,
			);
			path = OptionCell;
			sourceTree = "<group>";
		};
		556C30E82201332900CCCFC5 /* Scenes */ = {
			isa = PBXGroup;
			children = (
				556C30E92201334400CCCFC5 /* FundsInvestments */,
			);
			path = Scenes;
			sourceTree = "<group>";
		};
		556C30E92201334400CCCFC5 /* FundsInvestments */ = {
			isa = PBXGroup;
			children = (
				556C30EE220142DF00CCCFC5 /* FundsInvestments.storyboard */,
				556C30F22201446000CCCFC5 /* FundsInvestmentsInteractor.swift */,
				556C30F62201452600CCCFC5 /* FundsInvestmentsModels.swift */,
				556C30F82201455900CCCFC5 /* FundsInvestmentsPresenter.swift */,
				556C30FA2201459C00CCCFC5 /* FundsInvestmentRouter.swift */,
				556C30F02201432C00CCCFC5 /* FundsInvestmentsViewController.swift */,
				556C30F4220144B200CCCFC5 /* FundsInvestmentWorker.swift */,
			);
			path = FundsInvestments;
			sourceTree = "<group>";
		};
		556C30FC2201C8B800CCCFC5 /* Models */ = {
			isa = PBXGroup;
			children = (
				556C30FD2201C8CE00CCCFC5 /* FundModel.swift */,
				559CB25E2203817700841C61 /* RiskModel.swift */,
				554884FD22062BC200F34C05 /* FilterModel.swift */,
			);
			path = Models;
			sourceTree = "<group>";
		};
		556C30FF2201F2D200CCCFC5 /* Supporting Files */ = {
			isa = PBXGroup;
			children = (
				559CB2642203CA9E00841C61 /* Extension */,
				55F4252522022797008B3915 /* Helpers */,
				556C31002201F2DD00CCCFC5 /* Networking */,
				A279EFC821B1672300E39E1F /* Fonts */,
				555EDB8F2201F52900977D96 /* Constants.swift */,
				A279EFE321B1683F00E39E1F /* Colors.swift */,
			);
			path = "Supporting Files";
			sourceTree = "<group>";
		};
		556C31002201F2DD00CCCFC5 /* Networking */ = {
			isa = PBXGroup;
			children = (
				55F4252322021E96008B3915 /* FundsServiceAPI.swift */,
			);
			path = Networking;
			sourceTree = "<group>";
		};
		5574E15722053D3400E9A47D /* RiskCell */ = {
			isa = PBXGroup;
			children = (
				5574E15E220540D200E9A47D /* RiskCollectionViewCell.xib */,
				5574E15A22053EB000E9A47D /* RiskCollectionViewCell.swift */,
				5574E15C22053ECB00E9A47D /* RiskCollectionViewCellModels.swift */,
			);
			path = RiskCell;
			sourceTree = "<group>";
		};
		5574E1602205431500E9A47D /* CheckBox */ = {
			isa = PBXGroup;
			children = (
				5574E165220543FA00E9A47D /* CheckBox.swift */,
			);
			path = CheckBox;
			sourceTree = "<group>";
		};
		559CB2642203CA9E00841C61 /* Extension */ = {
			isa = PBXGroup;
			children = (
				559CB2652203CB3600841C61 /* Extension+UIView.swift */,
				55CB8C4622079716002C5490 /* Extension+CAGradientLayer.swift */,
				55CB8C4822079BEF002C5490 /* Extension+UINavigationBar.swift */,
			);
			path = Extension;
			sourceTree = "<group>";
		};
		55DE56E722049A9C00076941 /* SearchBarHeader */ = {
			isa = PBXGroup;
			children = (
				55DE56E822049AB300076941 /* SearchBarHeader.xib */,
				55DE56EA22049AE100076941 /* SearchBarHeaderView.swift */,
				55DE56EC22049BE300076941 /* SearchBarHeaderModels.swift */,
			);
			path = SearchBarHeader;
			sourceTree = "<group>";
		};
		55F4252522022797008B3915 /* Helpers */ = {
			isa = PBXGroup;
			children = (
				55F42526220227BA008B3915 /* FormatterUtils.swift */,
			);
			path = Helpers;
			sourceTree = "<group>";
		};
		55F4253122027BD7008B3915 /* GenericScenes */ = {
			isa = PBXGroup;
			children = (
				55442C412204CCE1000A9ED9 /* FilterInvestments */,
				554884E92205F2D400F34C05 /* UnderlineTextField */,
				5574E1602205431500E9A47D /* CheckBox */,
				5574E15722053D3400E9A47D /* RiskCell */,
				55DE56E722049A9C00076941 /* SearchBarHeader */,
				55F4253522030985008B3915 /* ExpandableCell */,
				55F4253222027BEA008B3915 /* RiskHeader */,
			);
			path = GenericScenes;
			sourceTree = "<group>";
		};
		55F4253222027BEA008B3915 /* RiskHeader */ = {
			isa = PBXGroup;
			children = (
				55F4253322027C5D008B3915 /* RiskHeader.xib */,
				55DE56E322046A0300076941 /* RiskHeaderModels.swift */,
			);
			path = RiskHeader;
			sourceTree = "<group>";
		};
		55F4253522030985008B3915 /* ExpandableCell */ = {
			isa = PBXGroup;
			children = (
				55F4253622031046008B3915 /* ExpandableHeader.xib */,
				55F42538220317FE008B3915 /* ExpandableHeaderViewController.swift */,
				559CB26B2203D5F100841C61 /* ExpandableHeaderViewModels.swift */,
			);
			path = ExpandableCell;
			sourceTree = "<group>";
		};
		65B3BA387D96BD9C00DA3CF3 /* Pods */ = {
			isa = PBXGroup;
			children = (
				148D7C4D587BD8E95A1BA2D2 /* Pods-Teste-iOS-BTG.debug.xcconfig */,
				EDE6222A1519A7F77A3DA374 /* Pods-Teste-iOS-BTG.release.xcconfig */,
				21045B7C696277A76C5F05C2 /* Pods-Teste-iOS-BTGTests.debug.xcconfig */,
				F15DB27E0C6BEA44325B7560 /* Pods-Teste-iOS-BTGTests.release.xcconfig */,
				28573924DC0E8160189E3162 /* Pods-Teste-iOS-BTGUITests.debug.xcconfig */,
				13F6C0774914B83BC7AAE5DB /* Pods-Teste-iOS-BTGUITests.release.xcconfig */,
			);
			name = Pods;
			sourceTree = "<group>";
		};
		A279EF8E21B1667600E39E1F = {
			isa = PBXGroup;
			children = (
				A279EF9921B1667600E39E1F /* Teste-iOS-BTG */,
				A279EFAE21B1667800E39E1F /* Teste-iOS-BTGTests */,
				A279EFB921B1667800E39E1F /* Teste-iOS-BTGUITests */,
				A279EF9821B1667600E39E1F /* Products */,
				65B3BA387D96BD9C00DA3CF3 /* Pods */,
				EC0276F4C94B73BB629D1596 /* Frameworks */,
			);
			sourceTree = "<group>";
		};
		A279EF9821B1667600E39E1F /* Products */ = {
			isa = PBXGroup;
			children = (
				A279EF9721B1667600E39E1F /* Teste-iOS-BTG.app */,
				A279EFAB21B1667800E39E1F /* Teste-iOS-BTGTests.xctest */,
				A279EFB621B1667800E39E1F /* Teste-iOS-BTGUITests.xctest */,
			);
			name = Products;
			sourceTree = "<group>";
		};
		A279EF9921B1667600E39E1F /* Teste-iOS-BTG */ = {
			isa = PBXGroup;
			children = (
				556C30FF2201F2D200CCCFC5 /* Supporting Files */,
				556C30FC2201C8B800CCCFC5 /* Models */,
				556C30E82201332900CCCFC5 /* Scenes */,
				55F4253122027BD7008B3915 /* GenericScenes */,
				A279EF9A21B1667600E39E1F /* AppDelegate.swift */,
				A279EFA121B1667800E39E1F /* Assets.xcassets */,
				A279EFA321B1667800E39E1F /* LaunchScreen.storyboard */,
				A279EFA621B1667800E39E1F /* Info.plist */,
			);
			path = "Teste-iOS-BTG";
			sourceTree = "<group>";
		};
		A279EFAE21B1667800E39E1F /* Teste-iOS-BTGTests */ = {
			isa = PBXGroup;
			children = (
				A279EFAF21B1667800E39E1F /* Teste_iOS_BTGFormatterTests.swift */,
				A279EFB121B1667800E39E1F /* Info.plist */,
			);
			path = "Teste-iOS-BTGTests";
			sourceTree = "<group>";
		};
		A279EFB921B1667800E39E1F /* Teste-iOS-BTGUITests */ = {
			isa = PBXGroup;
			children = (
				A279EFBA21B1667800E39E1F /* Teste_iOS_BTGUITests.swift */,
				A279EFBC21B1667800E39E1F /* Info.plist */,
			);
			path = "Teste-iOS-BTGUITests";
			sourceTree = "<group>";
		};
		A279EFC821B1672300E39E1F /* Fonts */ = {
			isa = PBXGroup;
			children = (
				A279EFC921B1672300E39E1F /* SourceSansPro-Light.otf */,
				A279EFCA21B1672300E39E1F /* SourceSansPro-LightIt.otf */,
				A279EFCB21B1672300E39E1F /* SourceSansPro-SemiboldIt.otf */,
				A279EFCC21B1672300E39E1F /* SourceSansPro-It.otf */,
				A279EFCD21B1672300E39E1F /* SourceSansPro-Bold.otf */,
				A279EFCE21B1672300E39E1F /* SourceSansPro-Regular.otf */,
				A279EFCF21B1672300E39E1F /* SourceSansPro-BoldIt.otf */,
				A279EFD021B1672300E39E1F /* SourceSansPro-BlackIt.otf */,
				A279EFD121B1672300E39E1F /* SourceSansPro-ExtraLightIt.otf */,
				A279EFD221B1672300E39E1F /* FontAwesome.ttf */,
				A279EFD321B1672300E39E1F /* SourceSansPro-ExtraLight.otf */,
				A279EFD421B1672300E39E1F /* SourceSansPro-Semibold.otf */,
				A279EFD521B1672300E39E1F /* SourceSansPro-Black.otf */,
			);
			path = Fonts;
			sourceTree = "<group>";
		};
		EC0276F4C94B73BB629D1596 /* Frameworks */ = {
			isa = PBXGroup;
			children = (
				0635458FEA71395B02501A08 /* Pods_Teste_iOS_BTG.framework */,
				15CD51F95B012BDE2D1E53CF /* Pods_Teste_iOS_BTGTests.framework */,
				E8942F8BBDA7EA3CBABD67B9 /* Pods_Teste_iOS_BTGUITests.framework */,
			);
			name = Frameworks;
			sourceTree = "<group>";
		};
/* End PBXGroup section */

/* Begin PBXNativeTarget section */
		A279EF9621B1667600E39E1F /* Teste-iOS-BTG */ = {
			isa = PBXNativeTarget;
			buildConfigurationList = A279EFBF21B1667800E39E1F /* Build configuration list for PBXNativeTarget "Teste-iOS-BTG" */;
			buildPhases = (
				2758EF2E132B55C69608C19C /* [CP] Check Pods Manifest.lock */,
				A279EF9321B1667600E39E1F /* Sources */,
				A279EF9421B1667600E39E1F /* Frameworks */,
				A279EF9521B1667600E39E1F /* Resources */,
				C0E4AFF5728D2EFC5F1963AD /* [CP] Embed Pods Frameworks */,
			);
			buildRules = (
			);
			dependencies = (
			);
			name = "Teste-iOS-BTG";
			productName = "Teste-iOS-BTG";
			productReference = A279EF9721B1667600E39E1F /* Teste-iOS-BTG.app */;
			productType = "com.apple.product-type.application";
		};
		A279EFAA21B1667800E39E1F /* Teste-iOS-BTGTests */ = {
			isa = PBXNativeTarget;
			buildConfigurationList = A279EFC221B1667800E39E1F /* Build configuration list for PBXNativeTarget "Teste-iOS-BTGTests" */;
			buildPhases = (
				C9D2C41137C2D5DFD9DDC08E /* [CP] Check Pods Manifest.lock */,
				A279EFA721B1667800E39E1F /* Sources */,
				A279EFA821B1667800E39E1F /* Frameworks */,
				A279EFA921B1667800E39E1F /* Resources */,
			);
			buildRules = (
			);
			dependencies = (
				A279EFAD21B1667800E39E1F /* PBXTargetDependency */,
			);
			name = "Teste-iOS-BTGTests";
			productName = "Teste-iOS-BTGTests";
			productReference = A279EFAB21B1667800E39E1F /* Teste-iOS-BTGTests.xctest */;
			productType = "com.apple.product-type.bundle.unit-test";
		};
		A279EFB521B1667800E39E1F /* Teste-iOS-BTGUITests */ = {
			isa = PBXNativeTarget;
			buildConfigurationList = A279EFC521B1667800E39E1F /* Build configuration list for PBXNativeTarget "Teste-iOS-BTGUITests" */;
			buildPhases = (
				2DF604D43BA4E67DE4E9F3B2 /* [CP] Check Pods Manifest.lock */,
				A279EFB221B1667800E39E1F /* Sources */,
				A279EFB321B1667800E39E1F /* Frameworks */,
				A279EFB421B1667800E39E1F /* Resources */,
			);
			buildRules = (
			);
			dependencies = (
				A279EFB821B1667800E39E1F /* PBXTargetDependency */,
			);
			name = "Teste-iOS-BTGUITests";
			productName = "Teste-iOS-BTGUITests";
			productReference = A279EFB621B1667800E39E1F /* Teste-iOS-BTGUITests.xctest */;
			productType = "com.apple.product-type.bundle.ui-testing";
		};
/* End PBXNativeTarget section */

/* Begin PBXProject section */
		A279EF8F21B1667600E39E1F /* Project object */ = {
			isa = PBXProject;
			attributes = {
				LastSwiftUpdateCheck = 1010;
				LastUpgradeCheck = 1010;
				ORGANIZATIONNAME = "BTG Pactual";
				TargetAttributes = {
					A279EF9621B1667600E39E1F = {
						CreatedOnToolsVersion = 10.1;
					};
					A279EFAA21B1667800E39E1F = {
						CreatedOnToolsVersion = 10.1;
						TestTargetID = A279EF9621B1667600E39E1F;
					};
					A279EFB521B1667800E39E1F = {
						CreatedOnToolsVersion = 10.1;
						TestTargetID = A279EF9621B1667600E39E1F;
					};
				};
			};
			buildConfigurationList = A279EF9221B1667600E39E1F /* Build configuration list for PBXProject "Teste-iOS-BTG" */;
			compatibilityVersion = "Xcode 9.3";
			developmentRegion = en;
			hasScannedForEncodings = 0;
			knownRegions = (
				en,
				Base,
			);
			mainGroup = A279EF8E21B1667600E39E1F;
			productRefGroup = A279EF9821B1667600E39E1F /* Products */;
			projectDirPath = "";
			projectRoot = "";
			targets = (
				A279EF9621B1667600E39E1F /* Teste-iOS-BTG */,
				A279EFAA21B1667800E39E1F /* Teste-iOS-BTGTests */,
				A279EFB521B1667800E39E1F /* Teste-iOS-BTGUITests */,
			);
		};
/* End PBXProject section */

/* Begin PBXResourcesBuildPhase section */
		A279EF9521B1667600E39E1F /* Resources */ = {
			isa = PBXResourcesBuildPhase;
			buildActionMask = 2147483647;
			files = (
				A279EFD721B1672300E39E1F /* SourceSansPro-LightIt.otf in Resources */,
				A279EFDF21B1672300E39E1F /* FontAwesome.ttf in Resources */,
				55442C452204CD4A000A9ED9 /* FilterInvestments.storyboard in Resources */,
				556C30EF220142DF00CCCFC5 /* FundsInvestments.storyboard in Resources */,
				A279EFDC21B1672300E39E1F /* SourceSansPro-BoldIt.otf in Resources */,
				A279EFD821B1672300E39E1F /* SourceSansPro-SemiboldIt.otf in Resources */,
				A279EFE121B1672300E39E1F /* SourceSansPro-Semibold.otf in Resources */,
				A279EFDB21B1672300E39E1F /* SourceSansPro-Regular.otf in Resources */,
				A279EFDA21B1672300E39E1F /* SourceSansPro-Bold.otf in Resources */,
				A279EFD921B1672300E39E1F /* SourceSansPro-It.otf in Resources */,
				5574E15F220540D200E9A47D /* RiskCollectionViewCell.xib in Resources */,
				A279EFDE21B1672300E39E1F /* SourceSansPro-ExtraLightIt.otf in Resources */,
				A279EFA521B1667800E39E1F /* LaunchScreen.storyboard in Resources */,
				A279EFA221B1667800E39E1F /* Assets.xcassets in Resources */,
				A279EFD621B1672300E39E1F /* SourceSansPro-Light.otf in Resources */,
				55F4253422027C5D008B3915 /* RiskHeader.xib in Resources */,
				55F4253722031046008B3915 /* ExpandableHeader.xib in Resources */,
				A279EFE021B1672300E39E1F /* SourceSansPro-ExtraLight.otf in Resources */,
				55DE56E922049AB300076941 /* SearchBarHeader.xib in Resources */,
				A279EFDD21B1672300E39E1F /* SourceSansPro-BlackIt.otf in Resources */,
				A279EFE221B1672300E39E1F /* SourceSansPro-Black.otf in Resources */,
			);
			runOnlyForDeploymentPostprocessing = 0;
		};
		A279EFA921B1667800E39E1F /* Resources */ = {
			isa = PBXResourcesBuildPhase;
			buildActionMask = 2147483647;
			files = (
			);
			runOnlyForDeploymentPostprocessing = 0;
		};
		A279EFB421B1667800E39E1F /* Resources */ = {
			isa = PBXResourcesBuildPhase;
			buildActionMask = 2147483647;
			files = (
			);
			runOnlyForDeploymentPostprocessing = 0;
		};
/* End PBXResourcesBuildPhase section */

/* Begin PBXShellScriptBuildPhase section */
		2758EF2E132B55C69608C19C /* [CP] Check Pods Manifest.lock */ = {
			isa = PBXShellScriptBuildPhase;
			buildActionMask = 2147483647;
			files = (
			);
			inputFileListPaths = (
			);
			inputPaths = (
				"${PODS_PODFILE_DIR_PATH}/Podfile.lock",
				"${PODS_ROOT}/Manifest.lock",
			);
			name = "[CP] Check Pods Manifest.lock";
			outputFileListPaths = (
			);
			outputPaths = (
				"$(DERIVED_FILE_DIR)/Pods-Teste-iOS-BTG-checkManifestLockResult.txt",
			);
			runOnlyForDeploymentPostprocessing = 0;
			shellPath = /bin/sh;
			shellScript = "diff \"${PODS_PODFILE_DIR_PATH}/Podfile.lock\" \"${PODS_ROOT}/Manifest.lock\" > /dev/null\nif [ $? != 0 ] ; then\n    # print error to STDERR\n    echo \"error: The sandbox is not in sync with the Podfile.lock. Run 'pod install' or update your CocoaPods installation.\" >&2\n    exit 1\nfi\n# This output is used by Xcode 'outputs' to avoid re-running this script phase.\necho \"SUCCESS\" > \"${SCRIPT_OUTPUT_FILE_0}\"\n";
			showEnvVarsInLog = 0;
		};
		2DF604D43BA4E67DE4E9F3B2 /* [CP] Check Pods Manifest.lock */ = {
			isa = PBXShellScriptBuildPhase;
			buildActionMask = 2147483647;
			files = (
			);
			inputFileListPaths = (
			);
			inputPaths = (
				"${PODS_PODFILE_DIR_PATH}/Podfile.lock",
				"${PODS_ROOT}/Manifest.lock",
			);
			name = "[CP] Check Pods Manifest.lock";
			outputFileListPaths = (
			);
			outputPaths = (
				"$(DERIVED_FILE_DIR)/Pods-Teste-iOS-BTGUITests-checkManifestLockResult.txt",
			);
			runOnlyForDeploymentPostprocessing = 0;
			shellPath = /bin/sh;
			shellScript = "diff \"${PODS_PODFILE_DIR_PATH}/Podfile.lock\" \"${PODS_ROOT}/Manifest.lock\" > /dev/null\nif [ $? != 0 ] ; then\n    # print error to STDERR\n    echo \"error: The sandbox is not in sync with the Podfile.lock. Run 'pod install' or update your CocoaPods installation.\" >&2\n    exit 1\nfi\n# This output is used by Xcode 'outputs' to avoid re-running this script phase.\necho \"SUCCESS\" > \"${SCRIPT_OUTPUT_FILE_0}\"\n";
			showEnvVarsInLog = 0;
		};
		C0E4AFF5728D2EFC5F1963AD /* [CP] Embed Pods Frameworks */ = {
			isa = PBXShellScriptBuildPhase;
			buildActionMask = 2147483647;
			files = (
			);
			inputFileListPaths = (
			);
			inputPaths = (
				"${SRCROOT}/Pods/Target Support Files/Pods-Teste-iOS-BTG/Pods-Teste-iOS-BTG-frameworks.sh",
				"${BUILT_PRODUCTS_DIR}/AMTextFieldPickerExtension/AMTextFieldPickerExtension.framework",
				"${BUILT_PRODUCTS_DIR}/Alamofire/Alamofire.framework",
				"${BUILT_PRODUCTS_DIR}/IQKeyboardManagerSwift/IQKeyboardManagerSwift.framework",
				"${BUILT_PRODUCTS_DIR}/Moya/Moya.framework",
				"${BUILT_PRODUCTS_DIR}/Presentr/Presentr.framework",
				"${BUILT_PRODUCTS_DIR}/Result/Result.framework",
			);
			name = "[CP] Embed Pods Frameworks";
			outputFileListPaths = (
			);
			outputPaths = (
				"${TARGET_BUILD_DIR}/${FRAMEWORKS_FOLDER_PATH}/AMTextFieldPickerExtension.framework",
				"${TARGET_BUILD_DIR}/${FRAMEWORKS_FOLDER_PATH}/Alamofire.framework",
				"${TARGET_BUILD_DIR}/${FRAMEWORKS_FOLDER_PATH}/IQKeyboardManagerSwift.framework",
				"${TARGET_BUILD_DIR}/${FRAMEWORKS_FOLDER_PATH}/Moya.framework",
				"${TARGET_BUILD_DIR}/${FRAMEWORKS_FOLDER_PATH}/Presentr.framework",
				"${TARGET_BUILD_DIR}/${FRAMEWORKS_FOLDER_PATH}/Result.framework",
			);
			runOnlyForDeploymentPostprocessing = 0;
			shellPath = /bin/sh;
			shellScript = "\"${SRCROOT}/Pods/Target Support Files/Pods-Teste-iOS-BTG/Pods-Teste-iOS-BTG-frameworks.sh\"\n";
			showEnvVarsInLog = 0;
		};
		C9D2C41137C2D5DFD9DDC08E /* [CP] Check Pods Manifest.lock */ = {
			isa = PBXShellScriptBuildPhase;
			buildActionMask = 2147483647;
			files = (
			);
			inputFileListPaths = (
			);
			inputPaths = (
				"${PODS_PODFILE_DIR_PATH}/Podfile.lock",
				"${PODS_ROOT}/Manifest.lock",
			);
			name = "[CP] Check Pods Manifest.lock";
			outputFileListPaths = (
			);
			outputPaths = (
				"$(DERIVED_FILE_DIR)/Pods-Teste-iOS-BTGTests-checkManifestLockResult.txt",
			);
			runOnlyForDeploymentPostprocessing = 0;
			shellPath = /bin/sh;
			shellScript = "diff \"${PODS_PODFILE_DIR_PATH}/Podfile.lock\" \"${PODS_ROOT}/Manifest.lock\" > /dev/null\nif [ $? != 0 ] ; then\n    # print error to STDERR\n    echo \"error: The sandbox is not in sync with the Podfile.lock. Run 'pod install' or update your CocoaPods installation.\" >&2\n    exit 1\nfi\n# This output is used by Xcode 'outputs' to avoid re-running this script phase.\necho \"SUCCESS\" > \"${SCRIPT_OUTPUT_FILE_0}\"\n";
			showEnvVarsInLog = 0;
		};
/* End PBXShellScriptBuildPhase section */

/* Begin PBXSourcesBuildPhase section */
		A279EF9321B1667600E39E1F /* Sources */ = {
			isa = PBXSourcesBuildPhase;
			buildActionMask = 2147483647;
			files = (
				A279EFE421B1683F00E39E1F /* Colors.swift in Sources */,
				554884F82205FD0600F34C05 /* FilterInvestmentsRouter.swift in Sources */,
				554884FE22062BC200F34C05 /* FilterModel.swift in Sources */,
				55442C472204D0AD000A9ED9 /* FilterInvestmentsViewController.swift in Sources */,
				559CB2662203CB3700841C61 /* Extension+UIView.swift in Sources */,
				55CB8C4722079716002C5490 /* Extension+CAGradientLayer.swift in Sources */,
				556C30F92201455A00CCCFC5 /* FundsInvestmentsPresenter.swift in Sources */,
				55F42527220227BA008B3915 /* FormatterUtils.swift in Sources */,
				554884EB2205F32400F34C05 /* UnderlineTextField.swift in Sources */,
				5574E15D22053ECB00E9A47D /* RiskCollectionViewCellModels.swift in Sources */,
				554884FA2206019B00F34C05 /* FilterInvestmentsInteractor.swift in Sources */,
				55DE56E422046A0300076941 /* RiskHeaderModels.swift in Sources */,
				5574E166220543FB00E9A47D /* CheckBox.swift in Sources */,
				554884F02205F56100F34C05 /* OptionCellModels.swift in Sources */,
				556C30F32201446000CCCFC5 /* FundsInvestmentsInteractor.swift in Sources */,
				556C30FE2201C8CE00CCCFC5 /* FundModel.swift in Sources */,
				556C30F5220144B200CCCFC5 /* FundsInvestmentWorker.swift in Sources */,
				556C30F12201432C00CCCFC5 /* FundsInvestmentsViewController.swift in Sources */,
				55DE56EB22049AE100076941 /* SearchBarHeaderView.swift in Sources */,
				554884FC2206020B00F34C05 /* FilterInvestmentsPresenter.swift in Sources */,
				55F4252422021E96008B3915 /* FundsServiceAPI.swift in Sources */,
				554884EE2205F53D00F34C05 /* OptionCell.swift in Sources */,
				559CB25F2203817700841C61 /* RiskModel.swift in Sources */,
				A279EF9B21B1667600E39E1F /* AppDelegate.swift in Sources */,
				55CB8C4922079BEF002C5490 /* Extension+UINavigationBar.swift in Sources */,
				5574E15B22053EB000E9A47D /* RiskCollectionViewCell.swift in Sources */,
				556C30FB2201459C00CCCFC5 /* FundsInvestmentRouter.swift in Sources */,
				554884F22205F9A400F34C05 /* FilterInvestmentsModels.swift in Sources */,
				55F42539220317FE008B3915 /* ExpandableHeaderViewController.swift in Sources */,
				559CB26C2203D5F100841C61 /* ExpandableHeaderViewModels.swift in Sources */,
				556C30F72201452600CCCFC5 /* FundsInvestmentsModels.swift in Sources */,
				55DE56ED22049BE300076941 /* SearchBarHeaderModels.swift in Sources */,
				555EDB902201F52900977D96 /* Constants.swift in Sources */,
			);
			runOnlyForDeploymentPostprocessing = 0;
		};
		A279EFA721B1667800E39E1F /* Sources */ = {
			isa = PBXSourcesBuildPhase;
			buildActionMask = 2147483647;
			files = (
				A279EFB021B1667800E39E1F /* Teste_iOS_BTGFormatterTests.swift in Sources */,
			);
			runOnlyForDeploymentPostprocessing = 0;
		};
		A279EFB221B1667800E39E1F /* Sources */ = {
			isa = PBXSourcesBuildPhase;
			buildActionMask = 2147483647;
			files = (
				A279EFBB21B1667800E39E1F /* Teste_iOS_BTGUITests.swift in Sources */,
			);
			runOnlyForDeploymentPostprocessing = 0;
		};
/* End PBXSourcesBuildPhase section */

/* Begin PBXTargetDependency section */
		A279EFAD21B1667800E39E1F /* PBXTargetDependency */ = {
			isa = PBXTargetDependency;
			target = A279EF9621B1667600E39E1F /* Teste-iOS-BTG */;
			targetProxy = A279EFAC21B1667800E39E1F /* PBXContainerItemProxy */;
		};
		A279EFB821B1667800E39E1F /* PBXTargetDependency */ = {
			isa = PBXTargetDependency;
			target = A279EF9621B1667600E39E1F /* Teste-iOS-BTG */;
			targetProxy = A279EFB721B1667800E39E1F /* PBXContainerItemProxy */;
		};
/* End PBXTargetDependency section */

/* Begin PBXVariantGroup section */
		A279EFA321B1667800E39E1F /* LaunchScreen.storyboard */ = {
			isa = PBXVariantGroup;
			children = (
				A279EFA421B1667800E39E1F /* Base */,
			);
			name = LaunchScreen.storyboard;
			sourceTree = "<group>";
		};
/* End PBXVariantGroup section */

/* Begin XCBuildConfiguration section */
		A279EFBD21B1667800E39E1F /* Debug */ = {
			isa = XCBuildConfiguration;
			buildSettings = {
				ALWAYS_SEARCH_USER_PATHS = NO;
				CLANG_ANALYZER_NONNULL = YES;
				CLANG_ANALYZER_NUMBER_OBJECT_CONVERSION = YES_AGGRESSIVE;
				CLANG_CXX_LANGUAGE_STANDARD = "gnu++14";
				CLANG_CXX_LIBRARY = "libc++";
				CLANG_ENABLE_MODULES = YES;
				CLANG_ENABLE_OBJC_ARC = YES;
				CLANG_ENABLE_OBJC_WEAK = YES;
				CLANG_WARN_BLOCK_CAPTURE_AUTORELEASING = YES;
				CLANG_WARN_BOOL_CONVERSION = YES;
				CLANG_WARN_COMMA = YES;
				CLANG_WARN_CONSTANT_CONVERSION = YES;
				CLANG_WARN_DEPRECATED_OBJC_IMPLEMENTATIONS = YES;
				CLANG_WARN_DIRECT_OBJC_ISA_USAGE = YES_ERROR;
				CLANG_WARN_DOCUMENTATION_COMMENTS = YES;
				CLANG_WARN_EMPTY_BODY = YES;
				CLANG_WARN_ENUM_CONVERSION = YES;
				CLANG_WARN_INFINITE_RECURSION = YES;
				CLANG_WARN_INT_CONVERSION = YES;
				CLANG_WARN_NON_LITERAL_NULL_CONVERSION = YES;
				CLANG_WARN_OBJC_IMPLICIT_RETAIN_SELF = YES;
				CLANG_WARN_OBJC_LITERAL_CONVERSION = YES;
				CLANG_WARN_OBJC_ROOT_CLASS = YES_ERROR;
				CLANG_WARN_RANGE_LOOP_ANALYSIS = YES;
				CLANG_WARN_STRICT_PROTOTYPES = YES;
				CLANG_WARN_SUSPICIOUS_MOVE = YES;
				CLANG_WARN_UNGUARDED_AVAILABILITY = YES_AGGRESSIVE;
				CLANG_WARN_UNREACHABLE_CODE = YES;
				CLANG_WARN__DUPLICATE_METHOD_MATCH = YES;
				CODE_SIGN_IDENTITY = "iPhone Developer";
				COPY_PHASE_STRIP = NO;
				DEBUG_INFORMATION_FORMAT = dwarf;
				ENABLE_STRICT_OBJC_MSGSEND = YES;
				ENABLE_TESTABILITY = YES;
				GCC_C_LANGUAGE_STANDARD = gnu11;
				GCC_DYNAMIC_NO_PIC = NO;
				GCC_NO_COMMON_BLOCKS = YES;
				GCC_OPTIMIZATION_LEVEL = 0;
				GCC_PREPROCESSOR_DEFINITIONS = (
					"DEBUG=1",
					"$(inherited)",
				);
				GCC_WARN_64_TO_32_BIT_CONVERSION = YES;
				GCC_WARN_ABOUT_RETURN_TYPE = YES_ERROR;
				GCC_WARN_UNDECLARED_SELECTOR = YES;
				GCC_WARN_UNINITIALIZED_AUTOS = YES_AGGRESSIVE;
				GCC_WARN_UNUSED_FUNCTION = YES;
				GCC_WARN_UNUSED_VARIABLE = YES;
				IPHONEOS_DEPLOYMENT_TARGET = 12.1;
				MTL_ENABLE_DEBUG_INFO = INCLUDE_SOURCE;
				MTL_FAST_MATH = YES;
				ONLY_ACTIVE_ARCH = YES;
				SDKROOT = iphoneos;
				SWIFT_ACTIVE_COMPILATION_CONDITIONS = DEBUG;
				SWIFT_OPTIMIZATION_LEVEL = "-Onone";
			};
			name = Debug;
		};
		A279EFBE21B1667800E39E1F /* Release */ = {
			isa = XCBuildConfiguration;
			buildSettings = {
				ALWAYS_SEARCH_USER_PATHS = NO;
				CLANG_ANALYZER_NONNULL = YES;
				CLANG_ANALYZER_NUMBER_OBJECT_CONVERSION = YES_AGGRESSIVE;
				CLANG_CXX_LANGUAGE_STANDARD = "gnu++14";
				CLANG_CXX_LIBRARY = "libc++";
				CLANG_ENABLE_MODULES = YES;
				CLANG_ENABLE_OBJC_ARC = YES;
				CLANG_ENABLE_OBJC_WEAK = YES;
				CLANG_WARN_BLOCK_CAPTURE_AUTORELEASING = YES;
				CLANG_WARN_BOOL_CONVERSION = YES;
				CLANG_WARN_COMMA = YES;
				CLANG_WARN_CONSTANT_CONVERSION = YES;
				CLANG_WARN_DEPRECATED_OBJC_IMPLEMENTATIONS = YES;
				CLANG_WARN_DIRECT_OBJC_ISA_USAGE = YES_ERROR;
				CLANG_WARN_DOCUMENTATION_COMMENTS = YES;
				CLANG_WARN_EMPTY_BODY = YES;
				CLANG_WARN_ENUM_CONVERSION = YES;
				CLANG_WARN_INFINITE_RECURSION = YES;
				CLANG_WARN_INT_CONVERSION = YES;
				CLANG_WARN_NON_LITERAL_NULL_CONVERSION = YES;
				CLANG_WARN_OBJC_IMPLICIT_RETAIN_SELF = YES;
				CLANG_WARN_OBJC_LITERAL_CONVERSION = YES;
				CLANG_WARN_OBJC_ROOT_CLASS = YES_ERROR;
				CLANG_WARN_RANGE_LOOP_ANALYSIS = YES;
				CLANG_WARN_STRICT_PROTOTYPES = YES;
				CLANG_WARN_SUSPICIOUS_MOVE = YES;
				CLANG_WARN_UNGUARDED_AVAILABILITY = YES_AGGRESSIVE;
				CLANG_WARN_UNREACHABLE_CODE = YES;
				CLANG_WARN__DUPLICATE_METHOD_MATCH = YES;
				CODE_SIGN_IDENTITY = "iPhone Developer";
				COPY_PHASE_STRIP = NO;
				DEBUG_INFORMATION_FORMAT = "dwarf-with-dsym";
				ENABLE_NS_ASSERTIONS = NO;
				ENABLE_STRICT_OBJC_MSGSEND = YES;
				GCC_C_LANGUAGE_STANDARD = gnu11;
				GCC_NO_COMMON_BLOCKS = YES;
				GCC_WARN_64_TO_32_BIT_CONVERSION = YES;
				GCC_WARN_ABOUT_RETURN_TYPE = YES_ERROR;
				GCC_WARN_UNDECLARED_SELECTOR = YES;
				GCC_WARN_UNINITIALIZED_AUTOS = YES_AGGRESSIVE;
				GCC_WARN_UNUSED_FUNCTION = YES;
				GCC_WARN_UNUSED_VARIABLE = YES;
				IPHONEOS_DEPLOYMENT_TARGET = 12.1;
				MTL_ENABLE_DEBUG_INFO = NO;
				MTL_FAST_MATH = YES;
				SDKROOT = iphoneos;
				SWIFT_COMPILATION_MODE = wholemodule;
				SWIFT_OPTIMIZATION_LEVEL = "-O";
				VALIDATE_PRODUCT = YES;
			};
			name = Release;
		};
		A279EFC021B1667800E39E1F /* Debug */ = {
			isa = XCBuildConfiguration;
			baseConfigurationReference = 148D7C4D587BD8E95A1BA2D2 /* Pods-Teste-iOS-BTG.debug.xcconfig */;
			buildSettings = {
				ASSETCATALOG_COMPILER_APPICON_NAME = AppIcon;
				CODE_SIGN_STYLE = Automatic;
				DEVELOPMENT_TEAM = VR6459U6TK;
				INFOPLIST_FILE = "Teste-iOS-BTG/Info.plist";
				IPHONEOS_DEPLOYMENT_TARGET = 12.0;
				LD_RUNPATH_SEARCH_PATHS = (
					"$(inherited)",
					"@executable_path/Frameworks",
				);
				PRODUCT_BUNDLE_IDENTIFIER = "com.btg.pactual.testeIOS.Teste-iOS-BTG";
				PRODUCT_NAME = "$(TARGET_NAME)";
				SWIFT_VERSION = 4.2;
				TARGETED_DEVICE_FAMILY = "1,2";
			};
			name = Debug;
		};
		A279EFC121B1667800E39E1F /* Release */ = {
			isa = XCBuildConfiguration;
			baseConfigurationReference = EDE6222A1519A7F77A3DA374 /* Pods-Teste-iOS-BTG.release.xcconfig */;
			buildSettings = {
				ASSETCATALOG_COMPILER_APPICON_NAME = AppIcon;
				CODE_SIGN_STYLE = Automatic;
				DEVELOPMENT_TEAM = VR6459U6TK;
				INFOPLIST_FILE = "Teste-iOS-BTG/Info.plist";
				IPHONEOS_DEPLOYMENT_TARGET = 12.0;
				LD_RUNPATH_SEARCH_PATHS = (
					"$(inherited)",
					"@executable_path/Frameworks",
				);
				PRODUCT_BUNDLE_IDENTIFIER = "com.btg.pactual.testeIOS.Teste-iOS-BTG";
				PRODUCT_NAME = "$(TARGET_NAME)";
				SWIFT_VERSION = 4.2;
				TARGETED_DEVICE_FAMILY = "1,2";
			};
			name = Release;
		};
		A279EFC321B1667800E39E1F /* Debug */ = {
			isa = XCBuildConfiguration;
			baseConfigurationReference = 21045B7C696277A76C5F05C2 /* Pods-Teste-iOS-BTGTests.debug.xcconfig */;
			buildSettings = {
				ALWAYS_EMBED_SWIFT_STANDARD_LIBRARIES = YES;
				BUNDLE_LOADER = "$(TEST_HOST)";
				CODE_SIGN_STYLE = Automatic;
				DEVELOPMENT_TEAM = FU2YTD6J36;
				INFOPLIST_FILE = "Teste-iOS-BTGTests/Info.plist";
				IPHONEOS_DEPLOYMENT_TARGET = 12.0;
				LD_RUNPATH_SEARCH_PATHS = (
					"$(inherited)",
					"@executable_path/Frameworks",
					"@loader_path/Frameworks",
				);
				PRODUCT_BUNDLE_IDENTIFIER = "com.btg.pactual.testeIOS.Teste-iOS-BTGTests";
				PRODUCT_NAME = "$(TARGET_NAME)";
				SWIFT_VERSION = 4.2;
				TARGETED_DEVICE_FAMILY = "1,2";
				TEST_HOST = "$(BUILT_PRODUCTS_DIR)/Teste-iOS-BTG.app/Teste-iOS-BTG";
			};
			name = Debug;
		};
		A279EFC421B1667800E39E1F /* Release */ = {
			isa = XCBuildConfiguration;
			baseConfigurationReference = F15DB27E0C6BEA44325B7560 /* Pods-Teste-iOS-BTGTests.release.xcconfig */;
			buildSettings = {
				ALWAYS_EMBED_SWIFT_STANDARD_LIBRARIES = YES;
				BUNDLE_LOADER = "$(TEST_HOST)";
				CODE_SIGN_STYLE = Automatic;
				DEVELOPMENT_TEAM = FU2YTD6J36;
				INFOPLIST_FILE = "Teste-iOS-BTGTests/Info.plist";
				IPHONEOS_DEPLOYMENT_TARGET = 12.0;
				LD_RUNPATH_SEARCH_PATHS = (
					"$(inherited)",
					"@executable_path/Frameworks",
					"@loader_path/Frameworks",
				);
				PRODUCT_BUNDLE_IDENTIFIER = "com.btg.pactual.testeIOS.Teste-iOS-BTGTests";
				PRODUCT_NAME = "$(TARGET_NAME)";
				SWIFT_VERSION = 4.2;
				TARGETED_DEVICE_FAMILY = "1,2";
				TEST_HOST = "$(BUILT_PRODUCTS_DIR)/Teste-iOS-BTG.app/Teste-iOS-BTG";
			};
			name = Release;
		};
		A279EFC621B1667800E39E1F /* Debug */ = {
			isa = XCBuildConfiguration;
			baseConfigurationReference = 28573924DC0E8160189E3162 /* Pods-Teste-iOS-BTGUITests.debug.xcconfig */;
			buildSettings = {
				ALWAYS_EMBED_SWIFT_STANDARD_LIBRARIES = YES;
				CODE_SIGN_STYLE = Automatic;
				DEVELOPMENT_TEAM = FU2YTD6J36;
				INFOPLIST_FILE = "Teste-iOS-BTGUITests/Info.plist";
				IPHONEOS_DEPLOYMENT_TARGET = 12.0;
				LD_RUNPATH_SEARCH_PATHS = (
					"$(inherited)",
					"@executable_path/Frameworks",
					"@loader_path/Frameworks",
				);
				PRODUCT_BUNDLE_IDENTIFIER = "com.btg.pactual.testeIOS.Teste-iOS-BTGUITests";
				PRODUCT_NAME = "$(TARGET_NAME)";
				SWIFT_VERSION = 4.2;
				TARGETED_DEVICE_FAMILY = "1,2";
				TEST_TARGET_NAME = "Teste-iOS-BTG";
			};
			name = Debug;
		};
		A279EFC721B1667800E39E1F /* Release */ = {
			isa = XCBuildConfiguration;
			baseConfigurationReference = 13F6C0774914B83BC7AAE5DB /* Pods-Teste-iOS-BTGUITests.release.xcconfig */;
			buildSettings = {
				ALWAYS_EMBED_SWIFT_STANDARD_LIBRARIES = YES;
				CODE_SIGN_STYLE = Automatic;
				DEVELOPMENT_TEAM = FU2YTD6J36;
				INFOPLIST_FILE = "Teste-iOS-BTGUITests/Info.plist";
				IPHONEOS_DEPLOYMENT_TARGET = 12.0;
				LD_RUNPATH_SEARCH_PATHS = (
					"$(inherited)",
					"@executable_path/Frameworks",
					"@loader_path/Frameworks",
				);
				PRODUCT_BUNDLE_IDENTIFIER = "com.btg.pactual.testeIOS.Teste-iOS-BTGUITests";
				PRODUCT_NAME = "$(TARGET_NAME)";
				SWIFT_VERSION = 4.2;
				TARGETED_DEVICE_FAMILY = "1,2";
				TEST_TARGET_NAME = "Teste-iOS-BTG";
			};
			name = Release;
		};
/* End XCBuildConfiguration section */

/* Begin XCConfigurationList section */
		A279EF9221B1667600E39E1F /* Build configuration list for PBXProject "Teste-iOS-BTG" */ = {
			isa = XCConfigurationList;
			buildConfigurations = (
				A279EFBD21B1667800E39E1F /* Debug */,
				A279EFBE21B1667800E39E1F /* Release */,
			);
			defaultConfigurationIsVisible = 0;
			defaultConfigurationName = Release;
		};
		A279EFBF21B1667800E39E1F /* Build configuration list for PBXNativeTarget "Teste-iOS-BTG" */ = {
			isa = XCConfigurationList;
			buildConfigurations = (
				A279EFC021B1667800E39E1F /* Debug */,
				A279EFC121B1667800E39E1F /* Release */,
			);
			defaultConfigurationIsVisible = 0;
			defaultConfigurationName = Release;
		};
		A279EFC221B1667800E39E1F /* Build configuration list for PBXNativeTarget "Teste-iOS-BTGTests" */ = {
			isa = XCConfigurationList;
			buildConfigurations = (
				A279EFC321B1667800E39E1F /* Debug */,
				A279EFC421B1667800E39E1F /* Release */,
			);
			defaultConfigurationIsVisible = 0;
			defaultConfigurationName = Release;
		};
		A279EFC521B1667800E39E1F /* Build configuration list for PBXNativeTarget "Teste-iOS-BTGUITests" */ = {
			isa = XCConfigurationList;
			buildConfigurations = (
				A279EFC621B1667800E39E1F /* Debug */,
				A279EFC721B1667800E39E1F /* Release */,
			);
			defaultConfigurationIsVisible = 0;
			defaultConfigurationName = Release;
		};
/* End XCConfigurationList section */
	};
	rootObject = A279EF8F21B1667600E39E1F /* Project object */;
}
